
Microsoft Visual Studio Solution File, Format Version 12.00
# Visual Studio Version 16
VisualStudioVersion = 16.0.30711.63
MinimumVisualStudioVersion = 10.0.40219.1
Project("{FAE04EC0-301F-11D3-BF4B-00C04F79EFBC}") = "Cs_Les_1_1_Anketa", "Cs_Les_1_1_Anketa\Cs_Les_1_1_Anketa.csproj", "{AE54F2F5-C01B-4707-9931-A520108AD0B0}"
EndProject
Project("{2150E333-8FDC-42A3-9474-1A3956D46DE8}") = "Tasks", "Tasks", "{552506AE-428A-483A-9453-C95AC09E7A52}"
	ProjectSection(SolutionItems) = preProject
		Les_tasks_1.txt = Les_tasks_1.txt
		Les_tasks_2.txt = Les_tasks_2.txt
	EndProjectSection
EndProject
Project("{FAE04EC0-301F-11D3-BF4B-00C04F79EFBC}") = "Cs_Les_1_2_IMT", "Cs_Les_1_2_IMT\Cs_Les_1_2_IMT.csproj", "{C021B3DC-B948-4CB2-AB1E-0A8389847E91}"
EndProject
Project("{FAE04EC0-301F-11D3-BF4B-00C04F79EFBC}") = "Cs_Les_1_3_SQRT", "Cs_Les_1_3_SQRT\Cs_Les_1_3_SQRT.csproj", "{B96C7916-80E1-4BD9-B5CF-98182F2F37EB}"
EndProject
Project("{FAE04EC0-301F-11D3-BF4B-00C04F79EFBC}") = "Cs_Les_1_4_Exchange", "Cs_Les_1_4_Exchange\Cs_Les_1_4_Exchange.csproj", "{C79DB4DE-1662-49AB-A096-E8B84A3770D7}"
EndProject
Project("{FAE04EC0-301F-11D3-BF4B-00C04F79EFBC}") = "Cs_Les_1_5_Output_on_display", "Cs_Les_1_5_Output_on_display\Cs_Les_1_5_Output_on_display.csproj", "{29590708-BA30-42B1-8482-3C286AFF1D21}"
EndProject
Project("{FAE04EC0-301F-11D3-BF4B-00C04F79EFBC}") = "From_the_lesson_3", "Lesson_4\From_the_lesson_3.csproj", "{F1E94B1F-93AB-4FD3-911F-801878032102}"
EndProject
Project("{FAE04EC0-301F-11D3-BF4B-00C04F79EFBC}") = "From_the_lesson_2", "ConsoleApp1\From_the_lesson_2.csproj", "{D9F455CA-CB29-42CA-90DB-B89A31F6F388}"
EndProject
Project("{FAE04EC0-301F-11D3-BF4B-00C04F79EFBC}") = "Cs_Les_2_1_Min_3_digits", "Cs_Les_2_1_Min_3_digits\Cs_Les_2_1_Min_3_digits.csproj", "{1DCDE786-A05A-4B5D-BB09-5DF420AEFCDD}"
EndProject
Project("{FAE04EC0-301F-11D3-BF4B-00C04F79EFBC}") = "Cs_Les_2_2_Counts_digits", "Cs_Les_2_2_Counts_digits\Cs_Les_2_2_Counts_digits.csproj", "{E2F201BE-47D6-4988-9074-BF072C34206D}"
EndProject
Project("{FAE04EC0-301F-11D3-BF4B-00C04F79EFBC}") = "Cs_Les_2_3_Summ_Odd", "Cs_Les_2_3_Summ_Odd\Cs_Les_2_3_Summ_Odd.csproj", "{1E3C3004-D7A0-436F-B14E-AFD1B6B66C8B}"
EndProject
Project("{FAE04EC0-301F-11D3-BF4B-00C04F79EFBC}") = "Cs_Les_2_4_LoginPass", "Cs_Les_2_4_LoginPass\Cs_Les_2_4_LoginPass.csproj", "{4DFE7BFD-AEC5-4FCD-8206-9747569430D7}"
EndProject
Project("{FAE04EC0-301F-11D3-BF4B-00C04F79EFBC}") = "Cs_Les_2_5_IMT", "Cs_Les_2_5_IMT\Cs_Les_2_5_IMT.csproj", "{83EE4552-513E-4EDC-AAF5-9DDB5EBB19C9}"
EndProject
Project("{FAE04EC0-301F-11D3-BF4B-00C04F79EFBC}") = "Cs_Les_2_6_GoodSumNumbers", "Cs_Les_2_6_GoodSumNumbers\Cs_Les_2_6_GoodSumNumbers.csproj", "{903C745B-2E28-4F35-919A-6F3BAD80AA07}"
EndProject
Project("{FAE04EC0-301F-11D3-BF4B-00C04F79EFBC}") = "Cs_Les_2_8_Recursion", "Cs_Les_2_8_Recursion\Cs_Les_2_8_Recursion.csproj", "{B0E34057-3F29-4584-B0B4-B3633D70EA9B}"
EndProject
Global
	GlobalSection(SolutionConfigurationPlatforms) = preSolution
		Debug|Any CPU = Debug|Any CPU
		Release|Any CPU = Release|Any CPU
	EndGlobalSection
	GlobalSection(ProjectConfigurationPlatforms) = postSolution
		{AE54F2F5-C01B-4707-9931-A520108AD0B0}.Debug|Any CPU.ActiveCfg = Debug|Any CPU
		{AE54F2F5-C01B-4707-9931-A520108AD0B0}.Debug|Any CPU.Build.0 = Debug|Any CPU
		{AE54F2F5-C01B-4707-9931-A520108AD0B0}.Release|Any CPU.ActiveCfg = Release|Any CPU
		{AE54F2F5-C01B-4707-9931-A520108AD0B0}.Release|Any CPU.Build.0 = Release|Any CPU
		{C021B3DC-B948-4CB2-AB1E-0A8389847E91}.Debug|Any CPU.ActiveCfg = Debug|Any CPU
		{C021B3DC-B948-4CB2-AB1E-0A8389847E91}.Debug|Any CPU.Build.0 = Debug|Any CPU
		{C021B3DC-B948-4CB2-AB1E-0A8389847E91}.Release|Any CPU.ActiveCfg = Release|Any CPU
		{C021B3DC-B948-4CB2-AB1E-0A8389847E91}.Release|Any CPU.Build.0 = Release|Any CPU
		{B96C7916-80E1-4BD9-B5CF-98182F2F37EB}.Debug|Any CPU.ActiveCfg = Debug|Any CPU
		{B96C7916-80E1-4BD9-B5CF-98182F2F37EB}.Debug|Any CPU.Build.0 = Debug|Any CPU
		{B96C7916-80E1-4BD9-B5CF-98182F2F37EB}.Release|Any CPU.ActiveCfg = Release|Any CPU
		{B96C7916-80E1-4BD9-B5CF-98182F2F37EB}.Release|Any CPU.Build.0 = Release|Any CPU
		{C79DB4DE-1662-49AB-A096-E8B84A3770D7}.Debug|Any CPU.ActiveCfg = Debug|Any CPU
		{C79DB4DE-1662-49AB-A096-E8B84A3770D7}.Debug|Any CPU.Build.0 = Debug|Any CPU
		{C79DB4DE-1662-49AB-A096-E8B84A3770D7}.Release|Any CPU.ActiveCfg = Release|Any CPU
		{C79DB4DE-1662-49AB-A096-E8B84A3770D7}.Release|Any CPU.Build.0 = Release|Any CPU
		{29590708-BA30-42B1-8482-3C286AFF1D21}.Debug|Any CPU.ActiveCfg = Debug|Any CPU
		{29590708-BA30-42B1-8482-3C286AFF1D21}.Debug|Any CPU.Build.0 = Debug|Any CPU
		{29590708-BA30-42B1-8482-3C286AFF1D21}.Release|Any CPU.ActiveCfg = Release|Any CPU
		{29590708-BA30-42B1-8482-3C286AFF1D21}.Release|Any CPU.Build.0 = Release|Any CPU
		{F1E94B1F-93AB-4FD3-911F-801878032102}.Debug|Any CPU.ActiveCfg = Debug|Any CPU
		{F1E94B1F-93AB-4FD3-911F-801878032102}.Debug|Any CPU.Build.0 = Debug|Any CPU
		{F1E94B1F-93AB-4FD3-911F-801878032102}.Release|Any CPU.ActiveCfg = Release|Any CPU
		{F1E94B1F-93AB-4FD3-911F-801878032102}.Release|Any CPU.Build.0 = Release|Any CPU
		{D9F455CA-CB29-42CA-90DB-B89A31F6F388}.Debug|Any CPU.ActiveCfg = Debug|Any CPU
		{D9F455CA-CB29-42CA-90DB-B89A31F6F388}.Debug|Any CPU.Build.0 = Debug|Any CPU
		{D9F455CA-CB29-42CA-90DB-B89A31F6F388}.Release|Any CPU.ActiveCfg = Release|Any CPU
		{D9F455CA-CB29-42CA-90DB-B89A31F6F388}.Release|Any CPU.Build.0 = Release|Any CPU
		{1DCDE786-A05A-4B5D-BB09-5DF420AEFCDD}.Debug|Any CPU.ActiveCfg = Debug|Any CPU
		{1DCDE786-A05A-4B5D-BB09-5DF420AEFCDD}.Debug|Any CPU.Build.0 = Debug|Any CPU
		{1DCDE786-A05A-4B5D-BB09-5DF420AEFCDD}.Release|Any CPU.ActiveCfg = Release|Any CPU
		{1DCDE786-A05A-4B5D-BB09-5DF420AEFCDD}.Release|Any CPU.Build.0 = Release|Any CPU
		{E2F201BE-47D6-4988-9074-BF072C34206D}.Debug|Any CPU.ActiveCfg = Debug|Any CPU
		{E2F201BE-47D6-4988-9074-BF072C34206D}.Debug|Any CPU.Build.0 = Debug|Any CPU
		{E2F201BE-47D6-4988-9074-BF072C34206D}.Release|Any CPU.ActiveCfg = Release|Any CPU
		{E2F201BE-47D6-4988-9074-BF072C34206D}.Release|Any CPU.Build.0 = Release|Any CPU
		{1E3C3004-D7A0-436F-B14E-AFD1B6B66C8B}.Debug|Any CPU.ActiveCfg = Debug|Any CPU
		{1E3C3004-D7A0-436F-B14E-AFD1B6B66C8B}.Debug|Any CPU.Build.0 = Debug|Any CPU
		{1E3C3004-D7A0-436F-B14E-AFD1B6B66C8B}.Release|Any CPU.ActiveCfg = Release|Any CPU
		{1E3C3004-D7A0-436F-B14E-AFD1B6B66C8B}.Release|Any CPU.Build.0 = Release|Any CPU
		{4DFE7BFD-AEC5-4FCD-8206-9747569430D7}.Debug|Any CPU.ActiveCfg = Debug|Any CPU
		{4DFE7BFD-AEC5-4FCD-8206-9747569430D7}.Debug|Any CPU.Build.0 = Debug|Any CPU
		{4DFE7BFD-AEC5-4FCD-8206-9747569430D7}.Release|Any CPU.ActiveCfg = Release|Any CPU
		{4DFE7BFD-AEC5-4FCD-8206-9747569430D7}.Release|Any CPU.Build.0 = Release|Any CPU
		{83EE4552-513E-4EDC-AAF5-9DDB5EBB19C9}.Debug|Any CPU.ActiveCfg = Debug|Any CPU
		{83EE4552-513E-4EDC-AAF5-9DDB5EBB19C9}.Debug|Any CPU.Build.0 = Debug|Any CPU
		{83EE4552-513E-4EDC-AAF5-9DDB5EBB19C9}.Release|Any CPU.ActiveCfg = Release|Any CPU
		{83EE4552-513E-4EDC-AAF5-9DDB5EBB19C9}.Release|Any CPU.Build.0 = Release|Any CPU
		{903C745B-2E28-4F35-919A-6F3BAD80AA07}.Debug|Any CPU.ActiveCfg = Debug|Any CPU
		{903C745B-2E28-4F35-919A-6F3BAD80AA07}.Debug|Any CPU.Build.0 = Debug|Any CPU
		{903C745B-2E28-4F35-919A-6F3BAD80AA07}.Release|Any CPU.ActiveCfg = Release|Any CPU
		{903C745B-2E28-4F35-919A-6F3BAD80AA07}.Release|Any CPU.Build.0 = Release|Any CPU
		{B0E34057-3F29-4584-B0B4-B3633D70EA9B}.Debug|Any CPU.ActiveCfg = Debug|Any CPU
		{B0E34057-3F29-4584-B0B4-B3633D70EA9B}.Debug|Any CPU.Build.0 = Debug|Any CPU
		{B0E34057-3F29-4584-B0B4-B3633D70EA9B}.Release|Any CPU.ActiveCfg = Release|Any CPU
		{B0E34057-3F29-4584-B0B4-B3633D70EA9B}.Release|Any CPU.Build.0 = Release|Any CPU
	EndGlobalSection
	GlobalSection(SolutionProperties) = preSolution
		HideSolutionNode = FALSE
	EndGlobalSection
	GlobalSection(ExtensibilityGlobals) = postSolution
		SolutionGuid = {516BB301-7E45-430E-A026-F16FC89A4F64}
	EndGlobalSection
EndGlobal
